
Microsoft Visual Studio Solution File, Format Version 12.00
# Visual Studio Version 17
VisualStudioVersion = 17.3.32811.315
MinimumVisualStudioVersion = 10.0.40219.1
Project("{9A19103F-16F7-4668-BE54-9A1E7A4F7556}") = "NotinoHomeWork.Api", "NotinoHomeWorkApi\NotinoHomeWork.Api.csproj", "{8F7B04AA-6D7D-41C9-AE78-76993991B4F0}"
EndProject
Project("{2150E333-8FDC-42A3-9474-1A3956D46DE8}") = "HomeworkTemplate", "HomeworkTemplate", "{AD716EB4-BF38-4475-B575-A14A2C4B2E83}"
	ProjectSection(SolutionItems) = preProject
		Homework.cs = Homework.cs
	EndProjectSection
EndProject
Project("{FAE04EC0-301F-11D3-BF4B-00C04F79EFBC}") = "NotinoHomeWork.Application", "NotinoHomeWork.Application\NotinoHomeWork.Application.csproj", "{3FDA9798-26FC-4ECA-9528-1584BE68CBA7}"
EndProject
Project("{FAE04EC0-301F-11D3-BF4B-00C04F79EFBC}") = "NotinoHomworkApplication", "NotinoHomworkApplication\NotinoHomworkApplication.csproj", "{452F9716-3BC0-4AAF-AA3B-E6A13DD5A3A8}"
EndProject
Global
	GlobalSection(SolutionConfigurationPlatforms) = preSolution
		Debug|Any CPU = Debug|Any CPU
		Release|Any CPU = Release|Any CPU
	EndGlobalSection
	GlobalSection(ProjectConfigurationPlatforms) = postSolution
		{8F7B04AA-6D7D-41C9-AE78-76993991B4F0}.Debug|Any CPU.ActiveCfg = Debug|Any CPU
		{8F7B04AA-6D7D-41C9-AE78-76993991B4F0}.Debug|Any CPU.Build.0 = Debug|Any CPU
		{8F7B04AA-6D7D-41C9-AE78-76993991B4F0}.Release|Any CPU.ActiveCfg = Release|Any CPU
		{8F7B04AA-6D7D-41C9-AE78-76993991B4F0}.Release|Any CPU.Build.0 = Release|Any CPU
		{3FDA9798-26FC-4ECA-9528-1584BE68CBA7}.Debug|Any CPU.ActiveCfg = Debug|Any CPU
		{3FDA9798-26FC-4ECA-9528-1584BE68CBA7}.Debug|Any CPU.Build.0 = Debug|Any CPU
		{3FDA9798-26FC-4ECA-9528-1584BE68CBA7}.Release|Any CPU.ActiveCfg = Release|Any CPU
		{3FDA9798-26FC-4ECA-9528-1584BE68CBA7}.Release|Any CPU.Build.0 = Release|Any CPU
		{452F9716-3BC0-4AAF-AA3B-E6A13DD5A3A8}.Debug|Any CPU.ActiveCfg = Debug|Any CPU
		{452F9716-3BC0-4AAF-AA3B-E6A13DD5A3A8}.Debug|Any CPU.Build.0 = Debug|Any CPU
		{452F9716-3BC0-4AAF-AA3B-E6A13DD5A3A8}.Release|Any CPU.ActiveCfg = Release|Any CPU
		{452F9716-3BC0-4AAF-AA3B-E6A13DD5A3A8}.Release|Any CPU.Build.0 = Release|Any CPU
	EndGlobalSection
	GlobalSection(SolutionProperties) = preSolution
		HideSolutionNode = FALSE
	EndGlobalSection
	GlobalSection(ExtensibilityGlobals) = postSolution
		SolutionGuid = {970B6647-44B4-404E-A03F-B91BFDB56BB2}
	EndGlobalSection
EndGlobal
